
Microsoft Visual Studio Solution File, Format Version 12.00
# Visual Studio Version 17
VisualStudioVersion = 17.7.34031.279
MinimumVisualStudioVersion = 10.0.40219.1
Project("{FAE04EC0-301F-11D3-BF4B-00C04F79EFBC}") = "BankingSystem", "BankingSystem.csproj", "{37E31975-1D91-4A61-9A39-EC78D0380B49}"
EndProject
Global
	GlobalSection(SolutionConfigurationPlatforms) = preSolution
		Debug|Any CPU = Debug|Any CPU
		Release|Any CPU = Release|Any CPU
	EndGlobalSection
	GlobalSection(ProjectConfigurationPlatforms) = postSolution
		{37E31975-1D91-4A61-9A39-EC78D0380B49}.Debug|Any CPU.ActiveCfg = Debug|Any CPU
		{37E31975-1D91-4A61-9A39-EC78D0380B49}.Debug|Any CPU.Build.0 = Debug|Any CPU
		{37E31975-1D91-4A61-9A39-EC78D0380B49}.Release|Any CPU.ActiveCfg = Release|Any CPU
		{37E31975-1D91-4A61-9A39-EC78D0380B49}.Release|Any CPU.Build.0 = Release|Any CPU
	EndGlobalSection
	GlobalSection(SolutionProperties) = preSolution
		HideSolutionNode = FALSE
	EndGlobalSection
	GlobalSection(ExtensibilityGlobals) = postSolution
		SolutionGuid = {DBF439BE-E4B0-46BA-B7E9-AB1068E53A9B}
	EndGlobalSection
EndGlobal
